
Microsoft Visual Studio Solution File, Format Version 12.00
# Visual Studio Version 16
VisualStudioVersion = 16.0.30907.101
MinimumVisualStudioVersion = 10.0.40219.1
Project("{9A19103F-16F7-4668-BE54-9A1E7A4F7556}") = "ProcessMutex", "ProcessMutex\ProcessMutex.csproj", "{4022BB21-1C8E-4196-A029-E5929F88BE17}"
EndProject
Project("{2150E333-8FDC-42A3-9474-1A3956D46DE8}") = "Submodule", "Submodule", "{8378275D-BCFC-4EC6-A4B4-A2B22BB2C6FF}"
EndProject
Project("{9A19103F-16F7-4668-BE54-9A1E7A4F7556}") = "WindowsAPI", "Submodule\WindowsAPI\WindowsAPI\WindowsAPI.csproj", "{4FA92764-3429-432E-9DA5-3D450A24DFDE}"
EndProject
Global
	GlobalSection(SolutionConfigurationPlatforms) = preSolution
		Debug|Any CPU = Debug|Any CPU
		Release|Any CPU = Release|Any CPU
	EndGlobalSection
	GlobalSection(ProjectConfigurationPlatforms) = postSolution
		{4022BB21-1C8E-4196-A029-E5929F88BE17}.Debug|Any CPU.ActiveCfg = Debug|Any CPU
		{4022BB21-1C8E-4196-A029-E5929F88BE17}.Debug|Any CPU.Build.0 = Debug|Any CPU
		{4022BB21-1C8E-4196-A029-E5929F88BE17}.Release|Any CPU.ActiveCfg = Release|Any CPU
		{4022BB21-1C8E-4196-A029-E5929F88BE17}.Release|Any CPU.Build.0 = Release|Any CPU
		{4FA92764-3429-432E-9DA5-3D450A24DFDE}.Debug|Any CPU.ActiveCfg = Debug|Any CPU
		{4FA92764-3429-432E-9DA5-3D450A24DFDE}.Debug|Any CPU.Build.0 = Debug|Any CPU
		{4FA92764-3429-432E-9DA5-3D450A24DFDE}.Release|Any CPU.ActiveCfg = Release|Any CPU
		{4FA92764-3429-432E-9DA5-3D450A24DFDE}.Release|Any CPU.Build.0 = Release|Any CPU
	EndGlobalSection
	GlobalSection(SolutionProperties) = preSolution
		HideSolutionNode = FALSE
	EndGlobalSection
	GlobalSection(NestedProjects) = preSolution
		{4FA92764-3429-432E-9DA5-3D450A24DFDE} = {8378275D-BCFC-4EC6-A4B4-A2B22BB2C6FF}
	EndGlobalSection
	GlobalSection(ExtensibilityGlobals) = postSolution
		SolutionGuid = {0E52F273-54DC-492B-B7B8-6204DE4D2FD8}
	EndGlobalSection
EndGlobal
